<?xml version="1.0" encoding="utf-8"?>
<Project ToolsVersion="4.0" xmlns="http://schemas.microsoft.com/developer/msbuild/2003">
  <ItemGroup>
    <Filter Include="Source Files">
      <UniqueIdentifier>{4FC737F1-C7A5-4376-A066-2A32D752A2FF}</UniqueIdentifier>
      <Extensions>cpp;c;cc;cxx;def;odl;idl;hpj;bat;asm;asmx</Extensions>
    </Filter>
    <Filter Include="Header Files">
      <UniqueIdentifier>{93995380-89BD-4b04-88EB-625FBE52EBFB}</UniqueIdentifier>
      <Extensions>h;hh;hpp;hxx;hm;inl;inc;xsd</Extensions>
    </Filter>
    <Filter Include="Resource Files">
      <UniqueIdentifier>{67DA6AB6-F800-4c08-8B7A-83BB121AAD01}</UniqueIdentifier>
      <Extensions>rc;ico;cur;bmp;dlg;rc2;rct;bin;rgs;gif;jpg;jpeg;jpe;resx;tiff;tif;png;wav;mfcribbon-ms</Extensions>
    </Filter>
  </ItemGroup>
  <ItemGroup>
    <ClCompile Include="main.cpp">
      <Filter>Source Files</Filter>
    </ClCompile>
    <ClCompile Include="helpers.cpp">
      <Filter>Source Files</Filter>
    </ClCompile>
    <ClCompile Include="soundEngine.cpp">
      <Filter>Source Files</Filter>
    </ClCompile>
    <ClCompile Include="geometryLoader.cpp">
      <Filter>Source Files</Filter>
    </ClCompile>
    <ClCompile Include="entityManager.cpp">
      <Filter>Source Files</Filter>
    </ClCompile>
    <ClCompile Include="entity.cpp">
      <Filter>Source Files</Filter>
    </ClCompile>
    <ClCompile Include="components\componentStaticMesh.cpp">
      <Filter>Source Files</Filter>
    </ClCompile>
    <ClCompile Include="components\componentLight.cpp">
      <Filter>Source Files</Filter>
    </ClCompile>
    <ClCompile Include="math\geometricUtilities.cpp">
      <Filter>Source Files</Filter>
    </ClCompile>
    <ClCompile Include="math\math.cpp">
      <Filter>Source Files</Filter>
    </ClCompile>
    <ClCompile Include="components\componentCamera.cpp">
      <Filter>Source Files</Filter>
    </ClCompile>
    <ClCompile Include="rendering\dynamicGeometryManager.cpp">
      <Filter>Source Files</Filter>
    </ClCompile>
    <ClCompile Include="rendering\render.cpp">
      <Filter>Source Files</Filter>
    </ClCompile>
    <ClCompile Include="rendering\renderConstant.cpp">
      <Filter>Source Files</Filter>
    </ClCompile>
    <ClCompile Include="rendering\shaderRes.cpp">
      <Filter>Source Files</Filter>
    </ClCompile>
    <ClCompile Include="rendering\textRenderManager.cpp">
      <Filter>Source Files</Filter>
    </ClCompile>
    <ClCompile Include="rendering\vertexFormats.cpp">
      <Filter>Source Files</Filter>
    </ClCompile>
    <ClCompile Include="rendering\environmentParticleManager.cpp">
      <Filter>Source Files</Filter>
    </ClCompile>
    <ClCompile Include="math\mathUtilities.cpp">
      <Filter>Source Files</Filter>
    </ClCompile>
    <ClCompile Include="resources\resources.cpp">
      <Filter>Source Files</Filter>
    </ClCompile>
    <ClCompile Include="components\componentTransform.cpp">
      <Filter>Source Files</Filter>
    </ClCompile>
    <ClCompile Include="physics\physicsManager.cpp">
      <Filter>Source Files</Filter>
    </ClCompile>
    <ClCompile Include="components\componentRigidbody.cpp">
      <Filter>Source Files</Filter>
    </ClCompile>
  </ItemGroup>
  <ItemGroup>
    <ClInclude Include="headers.h">
      <Filter>Header Files</Filter>
    </ClInclude>
    <ClInclude Include="soundEngine.h">
      <Filter>Header Files</Filter>
    </ClInclude>
    <ClInclude Include="timer.h">
      <Filter>Header Files</Filter>
    </ClInclude>
    <ClInclude Include="input.h">
      <Filter>Header Files</Filter>
    </ClInclude>
    <ClInclude Include="types.h">
      <Filter>Header Files</Filter>
    </ClInclude>
    <ClInclude Include="math.h">
      <Filter>Header Files</Filter>
    </ClInclude>
    <ClInclude Include="geometryLoader.h">
      <Filter>Header Files</Filter>
    </ClInclude>
    <ClInclude Include="viewObject.h">
      <Filter>Header Files</Filter>
    </ClInclude>
    <ClInclude Include="components\components.h">
      <Filter>Header Files</Filter>
    </ClInclude>
    <ClInclude Include="entity.h">
      <Filter>Header Files</Filter>
    </ClInclude>
    <ClInclude Include="entityManager.h">
      <Filter>Header Files</Filter>
    </ClInclude>
    <ClInclude Include="array.h">
      <Filter>Header Files</Filter>
    </ClInclude>
    <ClInclude Include="core.h">
      <Filter>Header Files</Filter>
    </ClInclude>
    <ClInclude Include="components\componentTransform.h">
      <Filter>Header Files</Filter>
    </ClInclude>
    <ClInclude Include="components\componentStaticMesh.h">
      <Filter>Header Files</Filter>
    </ClInclude>
    <ClInclude Include="components\componentLight.h">
      <Filter>Header Files</Filter>
    </ClInclude>
    <ClInclude Include="math\vector.h">
      <Filter>Header Files</Filter>
    </ClInclude>
    <ClInclude Include="math\matrix.h">
      <Filter>Header Files</Filter>
    </ClInclude>
    <ClInclude Include="math\quaternion.h">
      <Filter>Header Files</Filter>
    </ClInclude>
    <ClInclude Include="math\geometricUtilities.h">
      <Filter>Header Files</Filter>
    </ClInclude>
    <ClInclude Include="components\componentCamera.h">
      <Filter>Header Files</Filter>
    </ClInclude>
    <ClInclude Include="rendering\descriptorHeap.h">
      <Filter>Header Files</Filter>
    </ClInclude>
    <ClInclude Include="rendering\dynamicGeometryManager.h">
      <Filter>Header Files</Filter>
    </ClInclude>
    <ClInclude Include="rendering\geometry.h">
      <Filter>Header Files</Filter>
    </ClInclude>
    <ClInclude Include="rendering\render.h">
      <Filter>Header Files</Filter>
    </ClInclude>
    <ClInclude Include="rendering\renderConstant.h">
      <Filter>Header Files</Filter>
    </ClInclude>
    <ClInclude Include="rendering\shaderRes.h">
      <Filter>Header Files</Filter>
    </ClInclude>
    <ClInclude Include="rendering\textRenderManager.h">
      <Filter>Header Files</Filter>
    </ClInclude>
    <ClInclude Include="rendering\vertexFormats.h">
      <Filter>Header Files</Filter>
    </ClInclude>
    <ClInclude Include="rendering\environmentParticleManager.h">
      <Filter>Header Files</Filter>
    </ClInclude>
    <ClInclude Include="staticArray.h">
      <Filter>Header Files</Filter>
    </ClInclude>
    <ClInclude Include="rendering\renderData.h">
      <Filter>Header Files</Filter>
    </ClInclude>
    <ClInclude Include="rendering\constBuffers.h">
      <Filter>Header Files</Filter>
    </ClInclude>
    <ClInclude Include="resources\texture.h">
      <Filter>Header Files</Filter>
    </ClInclude>
    <ClInclude Include="resources\resourceManager.h">
      <Filter>Header Files</Filter>
    </ClInclude>
    <ClInclude Include="rendering\commandQueue.h">
      <Filter>Header Files</Filter>
    </ClInclude>
    <ClInclude Include="utility\fbxsdk.h">
      <Filter>Header Files</Filter>
    </ClInclude>
    <ClInclude Include="utility\ik_ESoundEngineOptions.h">
      <Filter>Header Files</Filter>
    </ClInclude>
    <ClInclude Include="utility\ik_ESoundOutputDrivers.h">
      <Filter>Header Files</Filter>
    </ClInclude>
    <ClInclude Include="utility\ik_EStreamModes.h">
      <Filter>Header Files</Filter>
    </ClInclude>
    <ClInclude Include="utility\ik_IAudioRecorder.h">
      <Filter>Header Files</Filter>
    </ClInclude>
    <ClInclude Include="utility\ik_IAudioStream.h">
      <Filter>Header Files</Filter>
    </ClInclude>
    <ClInclude Include="utility\ik_IAudioStreamLoader.h">
      <Filter>Header Files</Filter>
    </ClInclude>
    <ClInclude Include="utility\ik_IFileFactory.h">
      <Filter>Header Files</Filter>
    </ClInclude>
    <ClInclude Include="utility\ik_IFileReader.h">
      <Filter>Header Files</Filter>
    </ClInclude>
    <ClInclude Include="utility\ik_IRefCounted.h">
      <Filter>Header Files</Filter>
    </ClInclude>
    <ClInclude Include="utility\ik_irrKlangTypes.h">
      <Filter>Header Files</Filter>
    </ClInclude>
    <ClInclude Include="utility\ik_ISound.h">
      <Filter>Header Files</Filter>
    </ClInclude>
    <ClInclude Include="utility\ik_ISoundDeviceList.h">
      <Filter>Header Files</Filter>
    </ClInclude>
    <ClInclude Include="utility\ik_ISoundEffectControl.h">
      <Filter>Header Files</Filter>
    </ClInclude>
    <ClInclude Include="utility\ik_ISoundEngine.h">
      <Filter>Header Files</Filter>
    </ClInclude>
    <ClInclude Include="utility\ik_ISoundMixedOutputReceiver.h">
      <Filter>Header Files</Filter>
    </ClInclude>
    <ClInclude Include="utility\ik_ISoundSource.h">
      <Filter>Header Files</Filter>
    </ClInclude>
    <ClInclude Include="utility\ik_ISoundStopEventReceiver.h">
      <Filter>Header Files</Filter>
    </ClInclude>
    <ClInclude Include="utility\ik_IVirtualRefCounted.h">
      <Filter>Header Files</Filter>
    </ClInclude>
    <ClInclude Include="utility\ik_SAudioStreamFormat.h">
      <Filter>Header Files</Filter>
    </ClInclude>
    <ClInclude Include="utility\ik_vec3d.h">
      <Filter>Header Files</Filter>
    </ClInclude>
    <ClInclude Include="utility\irrKlang.h">
      <Filter>Header Files</Filter>
    </ClInclude>
    <ClInclude Include="utility\fbxsdk\fbxsdk_def.h">
      <Filter>Header Files</Filter>
    </ClInclude>
    <ClInclude Include="utility\fbxsdk\fbxsdk_nsbegin.h">
      <Filter>Header Files</Filter>
    </ClInclude>
    <ClInclude Include="utility\fbxsdk\fbxsdk_nsend.h">
      <Filter>Header Files</Filter>
    </ClInclude>
    <ClInclude Include="utility\fbxsdk\fbxsdk_version.h">
      <Filter>Header Files</Filter>
    </ClInclude>
    <ClInclude Include="utility\fbxsdk\utils\fbxclonemanager.h">
      <Filter>Header Files</Filter>
    </ClInclude>
    <ClInclude Include="utility\fbxsdk\utils\fbxdeformationsevaluator.h">
      <Filter>Header Files</Filter>
    </ClInclude>
    <ClInclude Include="utility\fbxsdk\utils\fbxembeddedfilesaccumulator.h">
      <Filter>Header Files</Filter>
    </ClInclude>
    <ClInclude Include="utility\fbxsdk\utils\fbxgeometryconverter.h">
      <Filter>Header Files</Filter>
    </ClInclude>
    <ClInclude Include="utility\fbxsdk\utils\fbxmanipulators.h">
      <Filter>Header Files</Filter>
    </ClInclude>
    <ClInclude Include="utility\fbxsdk\utils\fbxmaterialconverter.h">
      <Filter>Header Files</Filter>
    </ClInclude>
    <ClInclude Include="utility\fbxsdk\utils\fbxnamehandler.h">
      <Filter>Header Files</Filter>
    </ClInclude>
    <ClInclude Include="utility\fbxsdk\utils\fbxprocessor.h">
      <Filter>Header Files</Filter>
    </ClInclude>
    <ClInclude Include="utility\fbxsdk\utils\fbxprocessorshaderdependency.h">
      <Filter>Header Files</Filter>
    </ClInclude>
    <ClInclude Include="utility\fbxsdk\utils\fbxprocessorxref.h">
      <Filter>Header Files</Filter>
    </ClInclude>
    <ClInclude Include="utility\fbxsdk\utils\fbxprocessorxrefuserlib.h">
      <Filter>Header Files</Filter>
    </ClInclude>
    <ClInclude Include="utility\fbxsdk\utils\fbxrenamingstrategy.h">
      <Filter>Header Files</Filter>
    </ClInclude>
    <ClInclude Include="utility\fbxsdk\utils\fbxrenamingstrategybase.h">
      <Filter>Header Files</Filter>
    </ClInclude>
    <ClInclude Include="utility\fbxsdk\utils\fbxrenamingstrategyfbx5.h">
      <Filter>Header Files</Filter>
    </ClInclude>
    <ClInclude Include="utility\fbxsdk\utils\fbxrenamingstrategyfbx6.h">
      <Filter>Header Files</Filter>
    </ClInclude>
    <ClInclude Include="utility\fbxsdk\utils\fbxrenamingstrategyfbx7.h">
      <Filter>Header Files</Filter>
    </ClInclude>
    <ClInclude Include="utility\fbxsdk\utils\fbxrenamingstrategyutilities.h">
      <Filter>Header Files</Filter>
    </ClInclude>
    <ClInclude Include="utility\fbxsdk\utils\fbxrootnodeutility.h">
      <Filter>Header Files</Filter>
    </ClInclude>
    <ClInclude Include="utility\fbxsdk\utils\fbxscenecheckutility.h">
      <Filter>Header Files</Filter>
    </ClInclude>
    <ClInclude Include="utility\fbxsdk\utils\fbxusernotification.h">
      <Filter>Header Files</Filter>
    </ClInclude>
    <ClInclude Include="utility\fbxsdk\core\fbxclassid.h">
      <Filter>Header Files</Filter>
    </ClInclude>
    <ClInclude Include="utility\fbxsdk\core\fbxconnectionpoint.h">
      <Filter>Header Files</Filter>
    </ClInclude>
    <ClInclude Include="utility\fbxsdk\core\fbxdatatypes.h">
      <Filter>Header Files</Filter>
    </ClInclude>
    <ClInclude Include="utility\fbxsdk\core\fbxemitter.h">
      <Filter>Header Files</Filter>
    </ClInclude>
    <ClInclude Include="utility\fbxsdk\core\fbxevent.h">
      <Filter>Header Files</Filter>
    </ClInclude>
    <ClInclude Include="utility\fbxsdk\core\fbxeventhandler.h">
      <Filter>Header Files</Filter>
    </ClInclude>
    <ClInclude Include="utility\fbxsdk\core\fbxlistener.h">
      <Filter>Header Files</Filter>
    </ClInclude>
    <ClInclude Include="utility\fbxsdk\core\fbxloadingstrategy.h">
      <Filter>Header Files</Filter>
    </ClInclude>
    <ClInclude Include="utility\fbxsdk\core\fbxmanager.h">
      <Filter>Header Files</Filter>
    </ClInclude>
    <ClInclude Include="utility\fbxsdk\core\fbxmodule.h">
      <Filter>Header Files</Filter>
    </ClInclude>
    <ClInclude Include="utility\fbxsdk\core\fbxobject.h">
      <Filter>Header Files</Filter>
    </ClInclude>
    <ClInclude Include="utility\fbxsdk\core\fbxperipheral.h">
      <Filter>Header Files</Filter>
    </ClInclude>
    <ClInclude Include="utility\fbxsdk\core\fbxplugin.h">
      <Filter>Header Files</Filter>
    </ClInclude>
    <ClInclude Include="utility\fbxsdk\core\fbxplugincontainer.h">
      <Filter>Header Files</Filter>
    </ClInclude>
    <ClInclude Include="utility\fbxsdk\core\fbxproperty.h">
      <Filter>Header Files</Filter>
    </ClInclude>
    <ClInclude Include="utility\fbxsdk\core\fbxpropertydef.h">
      <Filter>Header Files</Filter>
    </ClInclude>
    <ClInclude Include="utility\fbxsdk\core\fbxpropertyhandle.h">
      <Filter>Header Files</Filter>
    </ClInclude>
    <ClInclude Include="utility\fbxsdk\core\fbxpropertypage.h">
      <Filter>Header Files</Filter>
    </ClInclude>
    <ClInclude Include="utility\fbxsdk\core\fbxpropertytypes.h">
      <Filter>Header Files</Filter>
    </ClInclude>
    <ClInclude Include="utility\fbxsdk\core\fbxquery.h">
      <Filter>Header Files</Filter>
    </ClInclude>
    <ClInclude Include="utility\fbxsdk\core\fbxqueryevent.h">
      <Filter>Header Files</Filter>
    </ClInclude>
    <ClInclude Include="utility\fbxsdk\core\fbxscopedloadingdirectory.h">
      <Filter>Header Files</Filter>
    </ClInclude>
    <ClInclude Include="utility\fbxsdk\core\fbxscopedloadingfilename.h">
      <Filter>Header Files</Filter>
    </ClInclude>
    <ClInclude Include="utility\fbxsdk\core\fbxstream.h">
      <Filter>Header Files</Filter>
    </ClInclude>
    <ClInclude Include="utility\fbxsdk\core\fbxsymbol.h">
      <Filter>Header Files</Filter>
    </ClInclude>
    <ClInclude Include="utility\fbxsdk\core\fbxsystemunit.h">
      <Filter>Header Files</Filter>
    </ClInclude>
    <ClInclude Include="utility\fbxsdk\core\fbxxref.h">
      <Filter>Header Files</Filter>
    </ClInclude>
    <ClInclude Include="utility\fbxsdk\core\arch\fbxalloc.h">
      <Filter>Header Files</Filter>
    </ClInclude>
    <ClInclude Include="utility\fbxsdk\core\arch\fbxarch.h">
      <Filter>Header Files</Filter>
    </ClInclude>
    <ClInclude Include="utility\fbxsdk\core\arch\fbxdebug.h">
      <Filter>Header Files</Filter>
    </ClInclude>
    <ClInclude Include="utility\fbxsdk\core\arch\fbxnew.h">
      <Filter>Header Files</Filter>
    </ClInclude>
    <ClInclude Include="utility\fbxsdk\core\arch\fbxstdcompliant.h">
      <Filter>Header Files</Filter>
    </ClInclude>
    <ClInclude Include="utility\fbxsdk\core\arch\fbxtypes.h">
      <Filter>Header Files</Filter>
    </ClInclude>
    <ClInclude Include="utility\fbxsdk\core\base\fbxarray.h">
      <Filter>Header Files</Filter>
    </ClInclude>
    <ClInclude Include="utility\fbxsdk\core\base\fbxbitset.h">
      <Filter>Header Files</Filter>
    </ClInclude>
    <ClInclude Include="utility\fbxsdk\core\base\fbxcharptrset.h">
      <Filter>Header Files</Filter>
    </ClInclude>
    <ClInclude Include="utility\fbxsdk\core\base\fbxcontainerallocators.h">
      <Filter>Header Files</Filter>
    </ClInclude>
    <ClInclude Include="utility\fbxsdk\core\base\fbxdynamicarray.h">
      <Filter>Header Files</Filter>
    </ClInclude>
    <ClInclude Include="utility\fbxsdk\core\base\fbxfile.h">
      <Filter>Header Files</Filter>
    </ClInclude>
    <ClInclude Include="utility\fbxsdk\core\base\fbxfolder.h">
      <Filter>Header Files</Filter>
    </ClInclude>
    <ClInclude Include="utility\fbxsdk\core\base\fbxhashmap.h">
      <Filter>Header Files</Filter>
    </ClInclude>
    <ClInclude Include="utility\fbxsdk\core\base\fbxintrusivelist.h">
      <Filter>Header Files</Filter>
    </ClInclude>
    <ClInclude Include="utility\fbxsdk\core\base\fbxmap.h">
      <Filter>Header Files</Filter>
    </ClInclude>
    <ClInclude Include="utility\fbxsdk\core\base\fbxmemorypool.h">
      <Filter>Header Files</Filter>
    </ClInclude>
    <ClInclude Include="utility\fbxsdk\core\base\fbxmultimap.h">
      <Filter>Header Files</Filter>
    </ClInclude>
    <ClInclude Include="utility\fbxsdk\core\base\fbxpair.h">
      <Filter>Header Files</Filter>
    </ClInclude>
    <ClInclude Include="utility\fbxsdk\core\base\fbxredblacktree.h">
      <Filter>Header Files</Filter>
    </ClInclude>
    <ClInclude Include="utility\fbxsdk\core\base\fbxset.h">
      <Filter>Header Files</Filter>
    </ClInclude>
    <ClInclude Include="utility\fbxsdk\core\base\fbxstatus.h">
      <Filter>Header Files</Filter>
    </ClInclude>
    <ClInclude Include="utility\fbxsdk\core\base\fbxstring.h">
      <Filter>Header Files</Filter>
    </ClInclude>
    <ClInclude Include="utility\fbxsdk\core\base\fbxstringlist.h">
      <Filter>Header Files</Filter>
    </ClInclude>
    <ClInclude Include="utility\fbxsdk\core\base\fbxtime.h">
      <Filter>Header Files</Filter>
    </ClInclude>
    <ClInclude Include="utility\fbxsdk\core\base\fbxtimecode.h">
      <Filter>Header Files</Filter>
    </ClInclude>
    <ClInclude Include="utility\fbxsdk\core\base\fbxutils.h">
      <Filter>Header Files</Filter>
    </ClInclude>
    <ClInclude Include="utility\fbxsdk\core\math\fbxaffinematrix.h">
      <Filter>Header Files</Filter>
    </ClInclude>
    <ClInclude Include="utility\fbxsdk\core\math\fbxdualquaternion.h">
      <Filter>Header Files</Filter>
    </ClInclude>
    <ClInclude Include="utility\fbxsdk\core\math\fbxmath.h">
      <Filter>Header Files</Filter>
    </ClInclude>
    <ClInclude Include="utility\fbxsdk\core\math\fbxmatrix.h">
      <Filter>Header Files</Filter>
    </ClInclude>
    <ClInclude Include="utility\fbxsdk\core\math\fbxquaternion.h">
      <Filter>Header Files</Filter>
    </ClInclude>
    <ClInclude Include="utility\fbxsdk\core\math\fbxtransforms.h">
      <Filter>Header Files</Filter>
    </ClInclude>
    <ClInclude Include="utility\fbxsdk\core\math\fbxvector2.h">
      <Filter>Header Files</Filter>
    </ClInclude>
    <ClInclude Include="utility\fbxsdk\core\math\fbxvector4.h">
      <Filter>Header Files</Filter>
    </ClInclude>
    <ClInclude Include="utility\fbxsdk\core\sync\fbxatomic.h">
      <Filter>Header Files</Filter>
    </ClInclude>
    <ClInclude Include="utility\fbxsdk\core\sync\fbxclock.h">
      <Filter>Header Files</Filter>
    </ClInclude>
    <ClInclude Include="utility\fbxsdk\core\sync\fbxsync.h">
      <Filter>Header Files</Filter>
    </ClInclude>
    <ClInclude Include="utility\fbxsdk\core\sync\fbxthread.h">
      <Filter>Header Files</Filter>
    </ClInclude>
    <ClInclude Include="utility\fbxsdk\fileio\collada\fbxcolladaanimationelement.h">
      <Filter>Header Files</Filter>
    </ClInclude>
    <ClInclude Include="utility\fbxsdk\fileio\collada\fbxcolladaelement.h">
      <Filter>Header Files</Filter>
    </ClInclude>
    <ClInclude Include="utility\fbxsdk\fileio\collada\fbxcolladaiostream.h">
      <Filter>Header Files</Filter>
    </ClInclude>
    <ClInclude Include="utility\fbxsdk\fileio\collada\fbxcolladanamespace.h">
      <Filter>Header Files</Filter>
    </ClInclude>
    <ClInclude Include="utility\fbxsdk\fileio\collada\fbxcolladatokens.h">
      <Filter>Header Files</Filter>
    </ClInclude>
    <ClInclude Include="utility\fbxsdk\fileio\collada\fbxcolladautils.h">
      <Filter>Header Files</Filter>
    </ClInclude>
    <ClInclude Include="utility\fbxsdk\fileio\collada\fbxreadercollada14.h">
      <Filter>Header Files</Filter>
    </ClInclude>
    <ClInclude Include="utility\fbxsdk\fileio\collada\fbxwritercollada14.h">
      <Filter>Header Files</Filter>
    </ClInclude>
    <ClInclude Include="utility\fbxsdk\fileio\fbx\fbxio.h">
      <Filter>Header Files</Filter>
    </ClInclude>
    <ClInclude Include="utility\fbxsdk\fileio\fbx\fbxreaderfbx5.h">
      <Filter>Header Files</Filter>
    </ClInclude>
    <ClInclude Include="utility\fbxsdk\fileio\fbx\fbxreaderfbx6.h">
      <Filter>Header Files</Filter>
    </ClInclude>
    <ClInclude Include="utility\fbxsdk\fileio\fbx\fbxreaderfbx7.h">
      <Filter>Header Files</Filter>
    </ClInclude>
    <ClInclude Include="utility\fbxsdk\fileio\fbx\fbxwriterfbx5.h">
      <Filter>Header Files</Filter>
    </ClInclude>
    <ClInclude Include="utility\fbxsdk\fileio\fbx\fbxwriterfbx6.h">
      <Filter>Header Files</Filter>
    </ClInclude>
    <ClInclude Include="utility\fbxsdk\fileio\fbx\fbxwriterfbx7.h">
      <Filter>Header Files</Filter>
    </ClInclude>
    <ClInclude Include="utility\fbxsdk\fileio\fbxbase64coder.h">
      <Filter>Header Files</Filter>
    </ClInclude>
    <ClInclude Include="utility\fbxsdk\fileio\fbxexporter.h">
      <Filter>Header Files</Filter>
    </ClInclude>
    <ClInclude Include="utility\fbxsdk\fileio\fbxexternaldocreflistener.h">
      <Filter>Header Files</Filter>
    </ClInclude>
    <ClInclude Include="utility\fbxsdk\fileio\fbxfiletokens.h">
      <Filter>Header Files</Filter>
    </ClInclude>
    <ClInclude Include="utility\fbxsdk\fileio\fbxglobalcamerasettings.h">
      <Filter>Header Files</Filter>
    </ClInclude>
    <ClInclude Include="utility\fbxsdk\fileio\fbxgloballightsettings.h">
      <Filter>Header Files</Filter>
    </ClInclude>
    <ClInclude Include="utility\fbxsdk\fileio\fbxglobalsettings.h">
      <Filter>Header Files</Filter>
    </ClInclude>
    <ClInclude Include="utility\fbxsdk\fileio\fbxgobo.h">
      <Filter>Header Files</Filter>
    </ClInclude>
    <ClInclude Include="utility\fbxsdk\fileio\fbximporter.h">
      <Filter>Header Files</Filter>
    </ClInclude>
    <ClInclude Include="utility\fbxsdk\fileio\fbxiobase.h">
      <Filter>Header Files</Filter>
    </ClInclude>
    <ClInclude Include="utility\fbxsdk\fileio\fbxiopluginregistry.h">
      <Filter>Header Files</Filter>
    </ClInclude>
    <ClInclude Include="utility\fbxsdk\fileio\fbxiosettings.h">
      <Filter>Header Files</Filter>
    </ClInclude>
    <ClInclude Include="utility\fbxsdk\fileio\fbxiosettingspath.h">
      <Filter>Header Files</Filter>
    </ClInclude>
    <ClInclude Include="utility\fbxsdk\fileio\fbxprogress.h">
      <Filter>Header Files</Filter>
    </ClInclude>
    <ClInclude Include="utility\fbxsdk\fileio\fbxreader.h">
      <Filter>Header Files</Filter>
    </ClInclude>
    <ClInclude Include="utility\fbxsdk\fileio\fbxstatistics.h">
      <Filter>Header Files</Filter>
    </ClInclude>
    <ClInclude Include="utility\fbxsdk\fileio\fbxstatisticsfbx.h">
      <Filter>Header Files</Filter>
    </ClInclude>
    <ClInclude Include="utility\fbxsdk\fileio\fbxwriter.h">
      <Filter>Header Files</Filter>
    </ClInclude>
    <ClInclude Include="utility\fbxsdk\scene\animation\fbxanimcurve.h">
      <Filter>Header Files</Filter>
    </ClInclude>
    <ClInclude Include="utility\fbxsdk\scene\animation\fbxanimcurvebase.h">
      <Filter>Header Files</Filter>
    </ClInclude>
    <ClInclude Include="utility\fbxsdk\scene\animation\fbxanimcurvefilters.h">
      <Filter>Header Files</Filter>
    </ClInclude>
    <ClInclude Include="utility\fbxsdk\scene\animation\fbxanimcurvenode.h">
      <Filter>Header Files</Filter>
    </ClInclude>
    <ClInclude Include="utility\fbxsdk\scene\animation\fbxanimevalclassic.h">
      <Filter>Header Files</Filter>
    </ClInclude>
    <ClInclude Include="utility\fbxsdk\scene\animation\fbxanimevalstate.h">
      <Filter>Header Files</Filter>
    </ClInclude>
    <ClInclude Include="utility\fbxsdk\scene\animation\fbxanimevaluator.h">
      <Filter>Header Files</Filter>
    </ClInclude>
    <ClInclude Include="utility\fbxsdk\scene\animation\fbxanimlayer.h">
      <Filter>Header Files</Filter>
    </ClInclude>
    <ClInclude Include="utility\fbxsdk\scene\animation\fbxanimstack.h">
      <Filter>Header Files</Filter>
    </ClInclude>
    <ClInclude Include="utility\fbxsdk\scene\animation\fbxanimutilities.h">
      <Filter>Header Files</Filter>
    </ClInclude>
    <ClInclude Include="utility\fbxsdk\scene\constraint\fbxcharacter.h">
      <Filter>Header Files</Filter>
    </ClInclude>
    <ClInclude Include="utility\fbxsdk\scene\constraint\fbxcharacternodename.h">
      <Filter>Header Files</Filter>
    </ClInclude>
    <ClInclude Include="utility\fbxsdk\scene\constraint\fbxcharacterpose.h">
      <Filter>Header Files</Filter>
    </ClInclude>
    <ClInclude Include="utility\fbxsdk\scene\constraint\fbxconstraint.h">
      <Filter>Header Files</Filter>
    </ClInclude>
    <ClInclude Include="utility\fbxsdk\scene\constraint\fbxconstraintaim.h">
      <Filter>Header Files</Filter>
    </ClInclude>
    <ClInclude Include="utility\fbxsdk\scene\constraint\fbxconstraintcustom.h">
      <Filter>Header Files</Filter>
    </ClInclude>
    <ClInclude Include="utility\fbxsdk\scene\constraint\fbxconstraintparent.h">
      <Filter>Header Files</Filter>
    </ClInclude>
    <ClInclude Include="utility\fbxsdk\scene\constraint\fbxconstraintposition.h">
      <Filter>Header Files</Filter>
    </ClInclude>
    <ClInclude Include="utility\fbxsdk\scene\constraint\fbxconstraintrotation.h">
      <Filter>Header Files</Filter>
    </ClInclude>
    <ClInclude Include="utility\fbxsdk\scene\constraint\fbxconstraintscale.h">
      <Filter>Header Files</Filter>
    </ClInclude>
    <ClInclude Include="utility\fbxsdk\scene\constraint\fbxconstraintsinglechainik.h">
      <Filter>Header Files</Filter>
    </ClInclude>
    <ClInclude Include="utility\fbxsdk\scene\constraint\fbxconstraintutils.h">
      <Filter>Header Files</Filter>
    </ClInclude>
    <ClInclude Include="utility\fbxsdk\scene\constraint\fbxcontrolset.h">
      <Filter>Header Files</Filter>
    </ClInclude>
    <ClInclude Include="utility\fbxsdk\scene\constraint\fbxhik2fbxcharacter.h">
      <Filter>Header Files</Filter>
    </ClInclude>
    <ClInclude Include="utility\fbxsdk\scene\geometry\fbxblendshape.h">
      <Filter>Header Files</Filter>
    </ClInclude>
    <ClInclude Include="utility\fbxsdk\scene\geometry\fbxblendshapechannel.h">
      <Filter>Header Files</Filter>
    </ClInclude>
    <ClInclude Include="utility\fbxsdk\scene\geometry\fbxcache.h">
      <Filter>Header Files</Filter>
    </ClInclude>
    <ClInclude Include="utility\fbxsdk\scene\geometry\fbxcachedeffect.h">
      <Filter>Header Files</Filter>
    </ClInclude>
    <ClInclude Include="utility\fbxsdk\scene\geometry\fbxcamera.h">
      <Filter>Header Files</Filter>
    </ClInclude>
    <ClInclude Include="utility\fbxsdk\scene\geometry\fbxcamerastereo.h">
      <Filter>Header Files</Filter>
    </ClInclude>
    <ClInclude Include="utility\fbxsdk\scene\geometry\fbxcameraswitcher.h">
      <Filter>Header Files</Filter>
    </ClInclude>
    <ClInclude Include="utility\fbxsdk\scene\geometry\fbxcluster.h">
      <Filter>Header Files</Filter>
    </ClInclude>
    <ClInclude Include="utility\fbxsdk\scene\geometry\fbxdeformer.h">
      <Filter>Header Files</Filter>
    </ClInclude>
    <ClInclude Include="utility\fbxsdk\scene\geometry\fbxgenericnode.h">
      <Filter>Header Files</Filter>
    </ClInclude>
    <ClInclude Include="utility\fbxsdk\scene\geometry\fbxgeometry.h">
      <Filter>Header Files</Filter>
    </ClInclude>
    <ClInclude Include="utility\fbxsdk\scene\geometry\fbxgeometrybase.h">
      <Filter>Header Files</Filter>
    </ClInclude>
    <ClInclude Include="utility\fbxsdk\scene\geometry\fbxgeometryweightedmap.h">
      <Filter>Header Files</Filter>
    </ClInclude>
    <ClInclude Include="utility\fbxsdk\scene\geometry\fbxlayer.h">
      <Filter>Header Files</Filter>
    </ClInclude>
    <ClInclude Include="utility\fbxsdk\scene\geometry\fbxlayercontainer.h">
      <Filter>Header Files</Filter>
    </ClInclude>
    <ClInclude Include="utility\fbxsdk\scene\geometry\fbxlight.h">
      <Filter>Header Files</Filter>
    </ClInclude>
    <ClInclude Include="utility\fbxsdk\scene\geometry\fbxlimitsutilities.h">
      <Filter>Header Files</Filter>
    </ClInclude>
    <ClInclude Include="utility\fbxsdk\scene\geometry\fbxline.h">
      <Filter>Header Files</Filter>
    </ClInclude>
    <ClInclude Include="utility\fbxsdk\scene\geometry\fbxlodgroup.h">
      <Filter>Header Files</Filter>
    </ClInclude>
    <ClInclude Include="utility\fbxsdk\scene\geometry\fbxmarker.h">
      <Filter>Header Files</Filter>
    </ClInclude>
    <ClInclude Include="utility\fbxsdk\scene\geometry\fbxmesh.h">
      <Filter>Header Files</Filter>
    </ClInclude>
    <ClInclude Include="utility\fbxsdk\scene\geometry\fbxnode.h">
      <Filter>Header Files</Filter>
    </ClInclude>
    <ClInclude Include="utility\fbxsdk\scene\geometry\fbxnodeattribute.h">
      <Filter>Header Files</Filter>
    </ClInclude>
    <ClInclude Include="utility\fbxsdk\scene\geometry\fbxnull.h">
      <Filter>Header Files</Filter>
    </ClInclude>
    <ClInclude Include="utility\fbxsdk\scene\geometry\fbxnurbs.h">
      <Filter>Header Files</Filter>
    </ClInclude>
    <ClInclude Include="utility\fbxsdk\scene\geometry\fbxnurbscurve.h">
      <Filter>Header Files</Filter>
    </ClInclude>
    <ClInclude Include="utility\fbxsdk\scene\geometry\fbxnurbssurface.h">
      <Filter>Header Files</Filter>
    </ClInclude>
    <ClInclude Include="utility\fbxsdk\scene\geometry\fbxopticalreference.h">
      <Filter>Header Files</Filter>
    </ClInclude>
    <ClInclude Include="utility\fbxsdk\scene\geometry\fbxpatch.h">
      <Filter>Header Files</Filter>
    </ClInclude>
    <ClInclude Include="utility\fbxsdk\scene\geometry\fbxproceduralgeometry.h">
      <Filter>Header Files</Filter>
    </ClInclude>
    <ClInclude Include="utility\fbxsdk\scene\geometry\fbxshape.h">
      <Filter>Header Files</Filter>
    </ClInclude>
    <ClInclude Include="utility\fbxsdk\scene\geometry\fbxskeleton.h">
      <Filter>Header Files</Filter>
    </ClInclude>
    <ClInclude Include="utility\fbxsdk\scene\geometry\fbxskin.h">
      <Filter>Header Files</Filter>
    </ClInclude>
    <ClInclude Include="utility\fbxsdk\scene\geometry\fbxsubdeformer.h">
      <Filter>Header Files</Filter>
    </ClInclude>
    <ClInclude Include="utility\fbxsdk\scene\geometry\fbxsubdiv.h">
      <Filter>Header Files</Filter>
    </ClInclude>
    <ClInclude Include="utility\fbxsdk\scene\geometry\fbxtrimnurbssurface.h">
      <Filter>Header Files</Filter>
    </ClInclude>
    <ClInclude Include="utility\fbxsdk\scene\geometry\fbxvertexcachedeformer.h">
      <Filter>Header Files</Filter>
    </ClInclude>
    <ClInclude Include="utility\fbxsdk\scene\geometry\fbxweightedmapping.h">
      <Filter>Header Files</Filter>
    </ClInclude>
    <ClInclude Include="utility\fbxsdk\scene\shading\fbxbindingoperator.h">
      <Filter>Header Files</Filter>
    </ClInclude>
    <ClInclude Include="utility\fbxsdk\scene\shading\fbxbindingsentryview.h">
      <Filter>Header Files</Filter>
    </ClInclude>
    <ClInclude Include="utility\fbxsdk\scene\shading\fbxbindingtable.h">
      <Filter>Header Files</Filter>
    </ClInclude>
    <ClInclude Include="utility\fbxsdk\scene\shading\fbxbindingtablebase.h">
      <Filter>Header Files</Filter>
    </ClInclude>
    <ClInclude Include="utility\fbxsdk\scene\shading\fbxbindingtableentry.h">
      <Filter>Header Files</Filter>
    </ClInclude>
    <ClInclude Include="utility\fbxsdk\scene\shading\fbxconstantentryview.h">
      <Filter>Header Files</Filter>
    </ClInclude>
    <ClInclude Include="utility\fbxsdk\scene\shading\fbxentryview.h">
      <Filter>Header Files</Filter>
    </ClInclude>
    <ClInclude Include="utility\fbxsdk\scene\shading\fbxfiletexture.h">
      <Filter>Header Files</Filter>
    </ClInclude>
    <ClInclude Include="utility\fbxsdk\scene\shading\fbximplementation.h">
      <Filter>Header Files</Filter>
    </ClInclude>
    <ClInclude Include="utility\fbxsdk\scene\shading\fbximplementationfilter.h">
      <Filter>Header Files</Filter>
    </ClInclude>
    <ClInclude Include="utility\fbxsdk\scene\shading\fbximplementationutils.h">
      <Filter>Header Files</Filter>
    </ClInclude>
    <ClInclude Include="utility\fbxsdk\scene\shading\fbxlayeredtexture.h">
      <Filter>Header Files</Filter>
    </ClInclude>
    <ClInclude Include="utility\fbxsdk\scene\shading\fbxlayerentryview.h">
      <Filter>Header Files</Filter>
    </ClInclude>
    <ClInclude Include="utility\fbxsdk\scene\shading\fbxoperatorentryview.h">
      <Filter>Header Files</Filter>
    </ClInclude>
    <ClInclude Include="utility\fbxsdk\scene\shading\fbxproceduraltexture.h">
      <Filter>Header Files</Filter>
    </ClInclude>
    <ClInclude Include="utility\fbxsdk\scene\shading\fbxpropertyentryview.h">
      <Filter>Header Files</Filter>
    </ClInclude>
    <ClInclude Include="utility\fbxsdk\scene\shading\fbxsemanticentryview.h">
      <Filter>Header Files</Filter>
    </ClInclude>
    <ClInclude Include="utility\fbxsdk\scene\shading\fbxshadingconventions.h">
      <Filter>Header Files</Filter>
    </ClInclude>
    <ClInclude Include="utility\fbxsdk\scene\shading\fbxsurfacelambert.h">
      <Filter>Header Files</Filter>
    </ClInclude>
    <ClInclude Include="utility\fbxsdk\scene\shading\fbxsurfacematerial.h">
      <Filter>Header Files</Filter>
    </ClInclude>
    <ClInclude Include="utility\fbxsdk\scene\shading\fbxsurfacephong.h">
      <Filter>Header Files</Filter>
    </ClInclude>
    <ClInclude Include="utility\fbxsdk\scene\shading\fbxtexture.h">
      <Filter>Header Files</Filter>
    </ClInclude>
    <ClInclude Include="utility\fbxsdk\scene\fbxaudio.h">
      <Filter>Header Files</Filter>
    </ClInclude>
    <ClInclude Include="utility\fbxsdk\scene\fbxaudiolayer.h">
      <Filter>Header Files</Filter>
    </ClInclude>
    <ClInclude Include="utility\fbxsdk\scene\fbxaxissystem.h">
      <Filter>Header Files</Filter>
    </ClInclude>
    <ClInclude Include="utility\fbxsdk\scene\fbxcollection.h">
      <Filter>Header Files</Filter>
    </ClInclude>
    <ClInclude Include="utility\fbxsdk\scene\fbxcollectionexclusive.h">
      <Filter>Header Files</Filter>
    </ClInclude>
    <ClInclude Include="utility\fbxsdk\scene\fbxcontainer.h">
      <Filter>Header Files</Filter>
    </ClInclude>
    <ClInclude Include="utility\fbxsdk\scene\fbxcontainertemplate.h">
      <Filter>Header Files</Filter>
    </ClInclude>
    <ClInclude Include="utility\fbxsdk\scene\fbxdisplaylayer.h">
      <Filter>Header Files</Filter>
    </ClInclude>
    <ClInclude Include="utility\fbxsdk\scene\fbxdocument.h">
      <Filter>Header Files</Filter>
    </ClInclude>
    <ClInclude Include="utility\fbxsdk\scene\fbxdocumentinfo.h">
      <Filter>Header Files</Filter>
    </ClInclude>
    <ClInclude Include="utility\fbxsdk\scene\fbxenvironment.h">
      <Filter>Header Files</Filter>
    </ClInclude>
    <ClInclude Include="utility\fbxsdk\scene\fbxgroupname.h">
      <Filter>Header Files</Filter>
    </ClInclude>
    <ClInclude Include="utility\fbxsdk\scene\fbxlibrary.h">
      <Filter>Header Files</Filter>
    </ClInclude>
    <ClInclude Include="utility\fbxsdk\scene\fbxmediaclip.h">
      <Filter>Header Files</Filter>
    </ClInclude>
    <ClInclude Include="utility\fbxsdk\scene\fbxobjectfilter.h">
      <Filter>Header Files</Filter>
    </ClInclude>
    <ClInclude Include="utility\fbxsdk\scene\fbxobjectmetadata.h">
      <Filter>Header Files</Filter>
    </ClInclude>
    <ClInclude Include="utility\fbxsdk\scene\fbxobjectscontainer.h">
      <Filter>Header Files</Filter>
    </ClInclude>
    <ClInclude Include="utility\fbxsdk\scene\fbxpose.h">
      <Filter>Header Files</Filter>
    </ClInclude>
    <ClInclude Include="utility\fbxsdk\scene\fbxreference.h">
      <Filter>Header Files</Filter>
    </ClInclude>
    <ClInclude Include="utility\fbxsdk\scene\fbxscene.h">
      <Filter>Header Files</Filter>
    </ClInclude>
    <ClInclude Include="utility\fbxsdk\scene\fbxselectionnode.h">
      <Filter>Header Files</Filter>
    </ClInclude>
    <ClInclude Include="utility\fbxsdk\scene\fbxselectionset.h">
      <Filter>Header Files</Filter>
    </ClInclude>
    <ClInclude Include="utility\fbxsdk\scene\fbxtakeinfo.h">
      <Filter>Header Files</Filter>
    </ClInclude>
    <ClInclude Include="utility\fbxsdk\scene\fbxthumbnail.h">
      <Filter>Header Files</Filter>
    </ClInclude>
    <ClInclude Include="utility\fbxsdk\scene\fbxvideo.h">
      <Filter>Header Files</Filter>
    </ClInclude>
    <ClInclude Include="components\componentsHelper.h">
      <Filter>Header Files</Filter>
    </ClInclude>
    <ClInclude Include="components\componentsImpl.h">
      <Filter>Header Files</Filter>
    </ClInclude>
    <ClInclude Include="physics\physicsManager.h">
      <Filter>Header Files</Filter>
    </ClInclude>
    <ClInclude Include="bullet\btBulletCollisionCommon.h">
      <Filter>Header Files</Filter>
    </ClInclude>
    <ClInclude Include="bullet\btBulletDynamicsCommon.h">
      <Filter>Header Files</Filter>
    </ClInclude>
    <ClInclude Include="bullet\LinearMath\btAabbUtil2.h">
      <Filter>Header Files</Filter>
    </ClInclude>
    <ClInclude Include="bullet\LinearMath\btAlignedAllocator.h">
      <Filter>Header Files</Filter>
    </ClInclude>
    <ClInclude Include="bullet\LinearMath\btAlignedObjectArray.h">
      <Filter>Header Files</Filter>
    </ClInclude>
    <ClInclude Include="bullet\LinearMath\btConvexHull.h">
      <Filter>Header Files</Filter>
    </ClInclude>
    <ClInclude Include="bullet\LinearMath\btConvexHullComputer.h">
      <Filter>Header Files</Filter>
    </ClInclude>
    <ClInclude Include="bullet\LinearMath\btCpuFeatureUtility.h">
      <Filter>Header Files</Filter>
    </ClInclude>
    <ClInclude Include="bullet\LinearMath\btDefaultMotionState.h">
      <Filter>Header Files</Filter>
    </ClInclude>
    <ClInclude Include="bullet\LinearMath\btGeometryUtil.h">
      <Filter>Header Files</Filter>
    </ClInclude>
    <ClInclude Include="bullet\LinearMath\btGrahamScan2dConvexHull.h">
      <Filter>Header Files</Filter>
    </ClInclude>
    <ClInclude Include="bullet\LinearMath\btHashMap.h">
      <Filter>Header Files</Filter>
    </ClInclude>
    <ClInclude Include="bullet\LinearMath\btIDebugDraw.h">
      <Filter>Header Files</Filter>
    </ClInclude>
    <ClInclude Include="bullet\LinearMath\btList.h">
      <Filter>Header Files</Filter>
    </ClInclude>
    <ClInclude Include="bullet\LinearMath\btMatrix3x3.h">
      <Filter>Header Files</Filter>
    </ClInclude>
    <ClInclude Include="bullet\LinearMath\btMatrixX.h">
      <Filter>Header Files</Filter>
    </ClInclude>
    <ClInclude Include="bullet\LinearMath\btMinMax.h">
      <Filter>Header Files</Filter>
    </ClInclude>
    <ClInclude Include="bullet\LinearMath\btMotionState.h">
      <Filter>Header Files</Filter>
    </ClInclude>
    <ClInclude Include="bullet\LinearMath\btPolarDecomposition.h">
      <Filter>Header Files</Filter>
    </ClInclude>
    <ClInclude Include="bullet\LinearMath\btPoolAllocator.h">
      <Filter>Header Files</Filter>
    </ClInclude>
    <ClInclude Include="bullet\LinearMath\btQuadWord.h">
      <Filter>Header Files</Filter>
    </ClInclude>
    <ClInclude Include="bullet\LinearMath\btQuaternion.h">
      <Filter>Header Files</Filter>
    </ClInclude>
    <ClInclude Include="bullet\LinearMath\btQuickprof.h">
      <Filter>Header Files</Filter>
    </ClInclude>
    <ClInclude Include="bullet\LinearMath\btRandom.h">
      <Filter>Header Files</Filter>
    </ClInclude>
    <ClInclude Include="bullet\LinearMath\btScalar.h">
      <Filter>Header Files</Filter>
    </ClInclude>
    <ClInclude Include="bullet\LinearMath\btSerializer.h">
      <Filter>Header Files</Filter>
    </ClInclude>
    <ClInclude Include="bullet\LinearMath\btSpatialAlgebra.h">
      <Filter>Header Files</Filter>
    </ClInclude>
    <ClInclude Include="bullet\LinearMath\btStackAlloc.h">
      <Filter>Header Files</Filter>
    </ClInclude>
    <ClInclude Include="bullet\LinearMath\btThreads.h">
      <Filter>Header Files</Filter>
    </ClInclude>
    <ClInclude Include="bullet\LinearMath\btTransform.h">
      <Filter>Header Files</Filter>
    </ClInclude>
    <ClInclude Include="bullet\LinearMath\btTransformUtil.h">
      <Filter>Header Files</Filter>
    </ClInclude>
    <ClInclude Include="bullet\LinearMath\btVector3.h">
      <Filter>Header Files</Filter>
    </ClInclude>
    <ClInclude Include="bullet\LinearMath\TaskScheduler\btThreadSupportInterface.h">
      <Filter>Header Files</Filter>
    </ClInclude>
    <ClInclude Include="bullet\BulletDynamics\Character\btCharacterControllerInterface.h">
      <Filter>Header Files</Filter>
    </ClInclude>
    <ClInclude Include="bullet\BulletDynamics\Character\btKinematicCharacterController.h">
      <Filter>Header Files</Filter>
    </ClInclude>
    <ClInclude Include="bullet\BulletDynamics\ConstraintSolver\btBatchedConstraints.h">
      <Filter>Header Files</Filter>
    </ClInclude>
    <ClInclude Include="bullet\BulletDynamics\ConstraintSolver\btConeTwistConstraint.h">
      <Filter>Header Files</Filter>
    </ClInclude>
    <ClInclude Include="bullet\BulletDynamics\ConstraintSolver\btConstraintSolver.h">
      <Filter>Header Files</Filter>
    </ClInclude>
    <ClInclude Include="bullet\BulletDynamics\ConstraintSolver\btContactConstraint.h">
      <Filter>Header Files</Filter>
    </ClInclude>
    <ClInclude Include="bullet\BulletDynamics\ConstraintSolver\btContactSolverInfo.h">
      <Filter>Header Files</Filter>
    </ClInclude>
    <ClInclude Include="bullet\BulletDynamics\ConstraintSolver\btFixedConstraint.h">
      <Filter>Header Files</Filter>
    </ClInclude>
    <ClInclude Include="bullet\BulletDynamics\ConstraintSolver\btGearConstraint.h">
      <Filter>Header Files</Filter>
    </ClInclude>
    <ClInclude Include="bullet\BulletDynamics\ConstraintSolver\btGeneric6DofConstraint.h">
      <Filter>Header Files</Filter>
    </ClInclude>
    <ClInclude Include="bullet\BulletDynamics\ConstraintSolver\btGeneric6DofSpring2Constraint.h">
      <Filter>Header Files</Filter>
    </ClInclude>
    <ClInclude Include="bullet\BulletDynamics\ConstraintSolver\btGeneric6DofSpringConstraint.h">
      <Filter>Header Files</Filter>
    </ClInclude>
    <ClInclude Include="bullet\BulletDynamics\ConstraintSolver\btHinge2Constraint.h">
      <Filter>Header Files</Filter>
    </ClInclude>
    <ClInclude Include="bullet\BulletDynamics\ConstraintSolver\btHingeConstraint.h">
      <Filter>Header Files</Filter>
    </ClInclude>
    <ClInclude Include="bullet\BulletDynamics\ConstraintSolver\btJacobianEntry.h">
      <Filter>Header Files</Filter>
    </ClInclude>
    <ClInclude Include="bullet\BulletDynamics\ConstraintSolver\btNNCGConstraintSolver.h">
      <Filter>Header Files</Filter>
    </ClInclude>
    <ClInclude Include="bullet\BulletDynamics\ConstraintSolver\btPoint2PointConstraint.h">
      <Filter>Header Files</Filter>
    </ClInclude>
    <ClInclude Include="bullet\BulletDynamics\ConstraintSolver\btSequentialImpulseConstraintSolver.h">
      <Filter>Header Files</Filter>
    </ClInclude>
    <ClInclude Include="bullet\BulletDynamics\ConstraintSolver\btSequentialImpulseConstraintSolverMt.h">
      <Filter>Header Files</Filter>
    </ClInclude>
    <ClInclude Include="bullet\BulletDynamics\ConstraintSolver\btSliderConstraint.h">
      <Filter>Header Files</Filter>
    </ClInclude>
    <ClInclude Include="bullet\BulletDynamics\ConstraintSolver\btSolve2LinearConstraint.h">
      <Filter>Header Files</Filter>
    </ClInclude>
    <ClInclude Include="bullet\BulletDynamics\ConstraintSolver\btSolverBody.h">
      <Filter>Header Files</Filter>
    </ClInclude>
    <ClInclude Include="bullet\BulletDynamics\ConstraintSolver\btSolverConstraint.h">
      <Filter>Header Files</Filter>
    </ClInclude>
    <ClInclude Include="bullet\BulletDynamics\ConstraintSolver\btTypedConstraint.h">
      <Filter>Header Files</Filter>
    </ClInclude>
    <ClInclude Include="bullet\BulletDynamics\ConstraintSolver\btUniversalConstraint.h">
      <Filter>Header Files</Filter>
    </ClInclude>
    <ClInclude Include="bullet\BulletDynamics\Dynamics\btActionInterface.h">
      <Filter>Header Files</Filter>
    </ClInclude>
    <ClInclude Include="bullet\BulletDynamics\Dynamics\btDiscreteDynamicsWorld.h">
      <Filter>Header Files</Filter>
    </ClInclude>
    <ClInclude Include="bullet\BulletDynamics\Dynamics\btDiscreteDynamicsWorldMt.h">
      <Filter>Header Files</Filter>
    </ClInclude>
    <ClInclude Include="bullet\BulletDynamics\Dynamics\btDynamicsWorld.h">
      <Filter>Header Files</Filter>
    </ClInclude>
    <ClInclude Include="bullet\BulletDynamics\Dynamics\btRigidBody.h">
      <Filter>Header Files</Filter>
    </ClInclude>
    <ClInclude Include="bullet\BulletDynamics\Dynamics\btSimpleDynamicsWorld.h">
      <Filter>Header Files</Filter>
    </ClInclude>
    <ClInclude Include="bullet\BulletDynamics\Dynamics\btSimulationIslandManagerMt.h">
      <Filter>Header Files</Filter>
    </ClInclude>
    <ClInclude Include="bullet\BulletDynamics\Featherstone\btMultiBody.h">
      <Filter>Header Files</Filter>
    </ClInclude>
    <ClInclude Include="bullet\BulletDynamics\Featherstone\btMultiBodyConstraint.h">
      <Filter>Header Files</Filter>
    </ClInclude>
    <ClInclude Include="bullet\BulletDynamics\Featherstone\btMultiBodyConstraintSolver.h">
      <Filter>Header Files</Filter>
    </ClInclude>
    <ClInclude Include="bullet\BulletDynamics\Featherstone\btMultiBodyDynamicsWorld.h">
      <Filter>Header Files</Filter>
    </ClInclude>
    <ClInclude Include="bullet\BulletDynamics\Featherstone\btMultiBodyFixedConstraint.h">
      <Filter>Header Files</Filter>
    </ClInclude>
    <ClInclude Include="bullet\BulletDynamics\Featherstone\btMultiBodyGearConstraint.h">
      <Filter>Header Files</Filter>
    </ClInclude>
    <ClInclude Include="bullet\BulletDynamics\Featherstone\btMultiBodyJointFeedback.h">
      <Filter>Header Files</Filter>
    </ClInclude>
    <ClInclude Include="bullet\BulletDynamics\Featherstone\btMultiBodyJointLimitConstraint.h">
      <Filter>Header Files</Filter>
    </ClInclude>
    <ClInclude Include="bullet\BulletDynamics\Featherstone\btMultiBodyJointMotor.h">
      <Filter>Header Files</Filter>
    </ClInclude>
    <ClInclude Include="bullet\BulletDynamics\Featherstone\btMultiBodyLink.h">
      <Filter>Header Files</Filter>
    </ClInclude>
    <ClInclude Include="bullet\BulletDynamics\Featherstone\btMultiBodyLinkCollider.h">
      <Filter>Header Files</Filter>
    </ClInclude>
    <ClInclude Include="bullet\BulletDynamics\Featherstone\btMultiBodyMLCPConstraintSolver.h">
      <Filter>Header Files</Filter>
    </ClInclude>
    <ClInclude Include="bullet\BulletDynamics\Featherstone\btMultiBodyPoint2Point.h">
      <Filter>Header Files</Filter>
    </ClInclude>
    <ClInclude Include="bullet\BulletDynamics\Featherstone\btMultiBodySliderConstraint.h">
      <Filter>Header Files</Filter>
    </ClInclude>
    <ClInclude Include="bullet\BulletDynamics\Featherstone\btMultiBodySolverConstraint.h">
      <Filter>Header Files</Filter>
    </ClInclude>
    <ClInclude Include="bullet\BulletDynamics\Featherstone\btMultiBodySphericalJointMotor.h">
      <Filter>Header Files</Filter>
    </ClInclude>
    <ClInclude Include="bullet\BulletDynamics\MLCPSolvers\btDantzigLCP.h">
      <Filter>Header Files</Filter>
    </ClInclude>
    <ClInclude Include="bullet\BulletDynamics\MLCPSolvers\btDantzigSolver.h">
      <Filter>Header Files</Filter>
    </ClInclude>
    <ClInclude Include="bullet\BulletDynamics\MLCPSolvers\btLemkeAlgorithm.h">
      <Filter>Header Files</Filter>
    </ClInclude>
    <ClInclude Include="bullet\BulletDynamics\MLCPSolvers\btLemkeSolver.h">
      <Filter>Header Files</Filter>
    </ClInclude>
    <ClInclude Include="bullet\BulletDynamics\MLCPSolvers\btMLCPSolver.h">
      <Filter>Header Files</Filter>
    </ClInclude>
    <ClInclude Include="bullet\BulletDynamics\MLCPSolvers\btMLCPSolverInterface.h">
      <Filter>Header Files</Filter>
    </ClInclude>
    <ClInclude Include="bullet\BulletDynamics\MLCPSolvers\btPATHSolver.h">
      <Filter>Header Files</Filter>
    </ClInclude>
    <ClInclude Include="bullet\BulletDynamics\MLCPSolvers\btSolveProjectedGaussSeidel.h">
      <Filter>Header Files</Filter>
    </ClInclude>
    <ClInclude Include="bullet\BulletDynamics\Vehicle\btRaycastVehicle.h">
      <Filter>Header Files</Filter>
    </ClInclude>
    <ClInclude Include="bullet\BulletDynamics\Vehicle\btVehicleRaycaster.h">
      <Filter>Header Files</Filter>
    </ClInclude>
    <ClInclude Include="bullet\BulletDynamics\Vehicle\btWheelInfo.h">
      <Filter>Header Files</Filter>
    </ClInclude>
    <ClInclude Include="bullet\BulletCollision\BroadphaseCollision\btAxisSweep3.h">
      <Filter>Header Files</Filter>
    </ClInclude>
    <ClInclude Include="bullet\BulletCollision\BroadphaseCollision\btAxisSweep3Internal.h">
      <Filter>Header Files</Filter>
    </ClInclude>
    <ClInclude Include="bullet\BulletCollision\BroadphaseCollision\btBroadphaseInterface.h">
      <Filter>Header Files</Filter>
    </ClInclude>
    <ClInclude Include="bullet\BulletCollision\BroadphaseCollision\btBroadphaseProxy.h">
      <Filter>Header Files</Filter>
    </ClInclude>
    <ClInclude Include="bullet\BulletCollision\BroadphaseCollision\btCollisionAlgorithm.h">
      <Filter>Header Files</Filter>
    </ClInclude>
    <ClInclude Include="bullet\BulletCollision\BroadphaseCollision\btDbvt.h">
      <Filter>Header Files</Filter>
    </ClInclude>
    <ClInclude Include="bullet\BulletCollision\BroadphaseCollision\btDbvtBroadphase.h">
      <Filter>Header Files</Filter>
    </ClInclude>
    <ClInclude Include="bullet\BulletCollision\BroadphaseCollision\btDispatcher.h">
      <Filter>Header Files</Filter>
    </ClInclude>
    <ClInclude Include="bullet\BulletCollision\BroadphaseCollision\btOverlappingPairCache.h">
      <Filter>Header Files</Filter>
    </ClInclude>
    <ClInclude Include="bullet\BulletCollision\BroadphaseCollision\btOverlappingPairCallback.h">
      <Filter>Header Files</Filter>
    </ClInclude>
    <ClInclude Include="bullet\BulletCollision\BroadphaseCollision\btQuantizedBvh.h">
      <Filter>Header Files</Filter>
    </ClInclude>
    <ClInclude Include="bullet\BulletCollision\BroadphaseCollision\btSimpleBroadphase.h">
      <Filter>Header Files</Filter>
    </ClInclude>
    <ClInclude Include="bullet\BulletCollision\CollisionDispatch\btActivatingCollisionAlgorithm.h">
      <Filter>Header Files</Filter>
    </ClInclude>
    <ClInclude Include="bullet\BulletCollision\CollisionDispatch\btBox2dBox2dCollisionAlgorithm.h">
      <Filter>Header Files</Filter>
    </ClInclude>
    <ClInclude Include="bullet\BulletCollision\CollisionDispatch\btBoxBoxCollisionAlgorithm.h">
      <Filter>Header Files</Filter>
    </ClInclude>
    <ClInclude Include="bullet\BulletCollision\CollisionDispatch\btBoxBoxDetector.h">
      <Filter>Header Files</Filter>
    </ClInclude>
    <ClInclude Include="bullet\BulletCollision\CollisionDispatch\btCollisionConfiguration.h">
      <Filter>Header Files</Filter>
    </ClInclude>
    <ClInclude Include="bullet\BulletCollision\CollisionDispatch\btCollisionCreateFunc.h">
      <Filter>Header Files</Filter>
    </ClInclude>
    <ClInclude Include="bullet\BulletCollision\CollisionDispatch\btCollisionDispatcher.h">
      <Filter>Header Files</Filter>
    </ClInclude>
    <ClInclude Include="bullet\BulletCollision\CollisionDispatch\btCollisionDispatcherMt.h">
      <Filter>Header Files</Filter>
    </ClInclude>
    <ClInclude Include="bullet\BulletCollision\CollisionDispatch\btCollisionObject.h">
      <Filter>Header Files</Filter>
    </ClInclude>
    <ClInclude Include="bullet\BulletCollision\CollisionDispatch\btCollisionObjectWrapper.h">
      <Filter>Header Files</Filter>
    </ClInclude>
    <ClInclude Include="bullet\BulletCollision\CollisionDispatch\btCollisionWorld.h">
      <Filter>Header Files</Filter>
    </ClInclude>
    <ClInclude Include="bullet\BulletCollision\CollisionDispatch\btCollisionWorldImporter.h">
      <Filter>Header Files</Filter>
    </ClInclude>
    <ClInclude Include="bullet\BulletCollision\CollisionDispatch\btCompoundCollisionAlgorithm.h">
      <Filter>Header Files</Filter>
    </ClInclude>
    <ClInclude Include="bullet\BulletCollision\CollisionDispatch\btCompoundCompoundCollisionAlgorithm.h">
      <Filter>Header Files</Filter>
    </ClInclude>
    <ClInclude Include="bullet\BulletCollision\CollisionDispatch\btConvex2dConvex2dAlgorithm.h">
      <Filter>Header Files</Filter>
    </ClInclude>
    <ClInclude Include="bullet\BulletCollision\CollisionDispatch\btConvexConcaveCollisionAlgorithm.h">
      <Filter>Header Files</Filter>
    </ClInclude>
    <ClInclude Include="bullet\BulletCollision\CollisionDispatch\btConvexConvexAlgorithm.h">
      <Filter>Header Files</Filter>
    </ClInclude>
    <ClInclude Include="bullet\BulletCollision\CollisionDispatch\btConvexPlaneCollisionAlgorithm.h">
      <Filter>Header Files</Filter>
    </ClInclude>
    <ClInclude Include="bullet\BulletCollision\CollisionDispatch\btDefaultCollisionConfiguration.h">
      <Filter>Header Files</Filter>
    </ClInclude>
    <ClInclude Include="bullet\BulletCollision\CollisionDispatch\btEmptyCollisionAlgorithm.h">
      <Filter>Header Files</Filter>
    </ClInclude>
    <ClInclude Include="bullet\BulletCollision\CollisionDispatch\btGhostObject.h">
      <Filter>Header Files</Filter>
    </ClInclude>
    <ClInclude Include="bullet\BulletCollision\CollisionDispatch\btHashedSimplePairCache.h">
      <Filter>Header Files</Filter>
    </ClInclude>
    <ClInclude Include="bullet\BulletCollision\CollisionDispatch\btInternalEdgeUtility.h">
      <Filter>Header Files</Filter>
    </ClInclude>
    <ClInclude Include="bullet\BulletCollision\CollisionDispatch\btManifoldResult.h">
      <Filter>Header Files</Filter>
    </ClInclude>
    <ClInclude Include="bullet\BulletCollision\CollisionDispatch\btSimulationIslandManager.h">
      <Filter>Header Files</Filter>
    </ClInclude>
    <ClInclude Include="bullet\BulletCollision\CollisionDispatch\btSphereBoxCollisionAlgorithm.h">
      <Filter>Header Files</Filter>
    </ClInclude>
    <ClInclude Include="bullet\BulletCollision\CollisionDispatch\btSphereSphereCollisionAlgorithm.h">
      <Filter>Header Files</Filter>
    </ClInclude>
    <ClInclude Include="bullet\BulletCollision\CollisionDispatch\btSphereTriangleCollisionAlgorithm.h">
      <Filter>Header Files</Filter>
    </ClInclude>
    <ClInclude Include="bullet\BulletCollision\CollisionDispatch\btUnionFind.h">
      <Filter>Header Files</Filter>
    </ClInclude>
    <ClInclude Include="bullet\BulletCollision\CollisionDispatch\SphereTriangleDetector.h">
      <Filter>Header Files</Filter>
    </ClInclude>
    <ClInclude Include="bullet\BulletCollision\CollisionShapes\btBox2dShape.h">
      <Filter>Header Files</Filter>
    </ClInclude>
    <ClInclude Include="bullet\BulletCollision\CollisionShapes\btBoxShape.h">
      <Filter>Header Files</Filter>
    </ClInclude>
    <ClInclude Include="bullet\BulletCollision\CollisionShapes\btBvhTriangleMeshShape.h">
      <Filter>Header Files</Filter>
    </ClInclude>
    <ClInclude Include="bullet\BulletCollision\CollisionShapes\btCapsuleShape.h">
      <Filter>Header Files</Filter>
    </ClInclude>
    <ClInclude Include="bullet\BulletCollision\CollisionShapes\btCollisionMargin.h">
      <Filter>Header Files</Filter>
    </ClInclude>
    <ClInclude Include="bullet\BulletCollision\CollisionShapes\btCollisionShape.h">
      <Filter>Header Files</Filter>
    </ClInclude>
    <ClInclude Include="bullet\BulletCollision\CollisionShapes\btCompoundShape.h">
      <Filter>Header Files</Filter>
    </ClInclude>
    <ClInclude Include="bullet\BulletCollision\CollisionShapes\btConcaveShape.h">
      <Filter>Header Files</Filter>
    </ClInclude>
    <ClInclude Include="bullet\BulletCollision\CollisionShapes\btConeShape.h">
      <Filter>Header Files</Filter>
    </ClInclude>
    <ClInclude Include="bullet\BulletCollision\CollisionShapes\btConvex2dShape.h">
      <Filter>Header Files</Filter>
    </ClInclude>
    <ClInclude Include="bullet\BulletCollision\CollisionShapes\btConvexHullShape.h">
      <Filter>Header Files</Filter>
    </ClInclude>
    <ClInclude Include="bullet\BulletCollision\CollisionShapes\btConvexInternalShape.h">
      <Filter>Header Files</Filter>
    </ClInclude>
    <ClInclude Include="bullet\BulletCollision\CollisionShapes\btConvexPointCloudShape.h">
      <Filter>Header Files</Filter>
    </ClInclude>
    <ClInclude Include="bullet\BulletCollision\CollisionShapes\btConvexPolyhedron.h">
      <Filter>Header Files</Filter>
    </ClInclude>
    <ClInclude Include="bullet\BulletCollision\CollisionShapes\btConvexShape.h">
      <Filter>Header Files</Filter>
    </ClInclude>
    <ClInclude Include="bullet\BulletCollision\CollisionShapes\btConvexTriangleMeshShape.h">
      <Filter>Header Files</Filter>
    </ClInclude>
    <ClInclude Include="bullet\BulletCollision\CollisionShapes\btCylinderShape.h">
      <Filter>Header Files</Filter>
    </ClInclude>
    <ClInclude Include="bullet\BulletCollision\CollisionShapes\btEmptyShape.h">
      <Filter>Header Files</Filter>
    </ClInclude>
    <ClInclude Include="bullet\BulletCollision\CollisionShapes\btHeightfieldTerrainShape.h">
      <Filter>Header Files</Filter>
    </ClInclude>
    <ClInclude Include="bullet\BulletCollision\CollisionShapes\btMaterial.h">
      <Filter>Header Files</Filter>
    </ClInclude>
    <ClInclude Include="bullet\BulletCollision\CollisionShapes\btMiniSDF.h">
      <Filter>Header Files</Filter>
    </ClInclude>
    <ClInclude Include="bullet\BulletCollision\CollisionShapes\btMinkowskiSumShape.h">
      <Filter>Header Files</Filter>
    </ClInclude>
    <ClInclude Include="bullet\BulletCollision\CollisionShapes\btMultimaterialTriangleMeshShape.h">
      <Filter>Header Files</Filter>
    </ClInclude>
    <ClInclude Include="bullet\BulletCollision\CollisionShapes\btMultiSphereShape.h">
      <Filter>Header Files</Filter>
    </ClInclude>
    <ClInclude Include="bullet\BulletCollision\CollisionShapes\btOptimizedBvh.h">
      <Filter>Header Files</Filter>
    </ClInclude>
    <ClInclude Include="bullet\BulletCollision\CollisionShapes\btPolyhedralConvexShape.h">
      <Filter>Header Files</Filter>
    </ClInclude>
    <ClInclude Include="bullet\BulletCollision\CollisionShapes\btScaledBvhTriangleMeshShape.h">
      <Filter>Header Files</Filter>
    </ClInclude>
    <ClInclude Include="bullet\BulletCollision\CollisionShapes\btSdfCollisionShape.h">
      <Filter>Header Files</Filter>
    </ClInclude>
    <ClInclude Include="bullet\BulletCollision\CollisionShapes\btShapeHull.h">
      <Filter>Header Files</Filter>
    </ClInclude>
    <ClInclude Include="bullet\BulletCollision\CollisionShapes\btSphereShape.h">
      <Filter>Header Files</Filter>
    </ClInclude>
    <ClInclude Include="bullet\BulletCollision\CollisionShapes\btStaticPlaneShape.h">
      <Filter>Header Files</Filter>
    </ClInclude>
    <ClInclude Include="bullet\BulletCollision\CollisionShapes\btStridingMeshInterface.h">
      <Filter>Header Files</Filter>
    </ClInclude>
    <ClInclude Include="bullet\BulletCollision\CollisionShapes\btTetrahedronShape.h">
      <Filter>Header Files</Filter>
    </ClInclude>
    <ClInclude Include="bullet\BulletCollision\CollisionShapes\btTriangleBuffer.h">
      <Filter>Header Files</Filter>
    </ClInclude>
    <ClInclude Include="bullet\BulletCollision\CollisionShapes\btTriangleCallback.h">
      <Filter>Header Files</Filter>
    </ClInclude>
    <ClInclude Include="bullet\BulletCollision\CollisionShapes\btTriangleIndexVertexArray.h">
      <Filter>Header Files</Filter>
    </ClInclude>
    <ClInclude Include="bullet\BulletCollision\CollisionShapes\btTriangleIndexVertexMaterialArray.h">
      <Filter>Header Files</Filter>
    </ClInclude>
    <ClInclude Include="bullet\BulletCollision\CollisionShapes\btTriangleInfoMap.h">
      <Filter>Header Files</Filter>
    </ClInclude>
    <ClInclude Include="bullet\BulletCollision\CollisionShapes\btTriangleMesh.h">
      <Filter>Header Files</Filter>
    </ClInclude>
    <ClInclude Include="bullet\BulletCollision\CollisionShapes\btTriangleMeshShape.h">
      <Filter>Header Files</Filter>
    </ClInclude>
    <ClInclude Include="bullet\BulletCollision\CollisionShapes\btTriangleShape.h">
      <Filter>Header Files</Filter>
    </ClInclude>
    <ClInclude Include="bullet\BulletCollision\CollisionShapes\btUniformScalingShape.h">
      <Filter>Header Files</Filter>
    </ClInclude>
    <ClInclude Include="bullet\BulletCollision\Gimpact\btBoxCollision.h">
      <Filter>Header Files</Filter>
    </ClInclude>
    <ClInclude Include="bullet\BulletCollision\Gimpact\btClipPolygon.h">
      <Filter>Header Files</Filter>
    </ClInclude>
    <ClInclude Include="bullet\BulletCollision\Gimpact\btCompoundFromGimpact.h">
      <Filter>Header Files</Filter>
    </ClInclude>
    <ClInclude Include="bullet\BulletCollision\Gimpact\btContactProcessing.h">
      <Filter>Header Files</Filter>
    </ClInclude>
    <ClInclude Include="bullet\BulletCollision\Gimpact\btContactProcessingStructs.h">
      <Filter>Header Files</Filter>
    </ClInclude>
    <ClInclude Include="bullet\BulletCollision\Gimpact\btGenericPoolAllocator.h">
      <Filter>Header Files</Filter>
    </ClInclude>
    <ClInclude Include="bullet\BulletCollision\Gimpact\btGeometryOperations.h">
      <Filter>Header Files</Filter>
    </ClInclude>
    <ClInclude Include="bullet\BulletCollision\Gimpact\btGImpactBvh.h">
      <Filter>Header Files</Filter>
    </ClInclude>
    <ClInclude Include="bullet\BulletCollision\Gimpact\btGImpactBvhStructs.h">
      <Filter>Header Files</Filter>
    </ClInclude>
    <ClInclude Include="bullet\BulletCollision\Gimpact\btGImpactCollisionAlgorithm.h">
      <Filter>Header Files</Filter>
    </ClInclude>
    <ClInclude Include="bullet\BulletCollision\Gimpact\btGImpactMassUtil.h">
      <Filter>Header Files</Filter>
    </ClInclude>
    <ClInclude Include="bullet\BulletCollision\Gimpact\btGImpactQuantizedBvh.h">
      <Filter>Header Files</Filter>
    </ClInclude>
    <ClInclude Include="bullet\BulletCollision\Gimpact\btGImpactQuantizedBvhStructs.h">
      <Filter>Header Files</Filter>
    </ClInclude>
    <ClInclude Include="bullet\BulletCollision\Gimpact\btGImpactShape.h">
      <Filter>Header Files</Filter>
    </ClInclude>
    <ClInclude Include="bullet\BulletCollision\Gimpact\btQuantization.h">
      <Filter>Header Files</Filter>
    </ClInclude>
    <ClInclude Include="bullet\BulletCollision\Gimpact\btTriangleShapeEx.h">
      <Filter>Header Files</Filter>
    </ClInclude>
    <ClInclude Include="bullet\BulletCollision\Gimpact\gim_array.h">
      <Filter>Header Files</Filter>
    </ClInclude>
    <ClInclude Include="bullet\BulletCollision\Gimpact\gim_basic_geometry_operations.h">
      <Filter>Header Files</Filter>
    </ClInclude>
    <ClInclude Include="bullet\BulletCollision\Gimpact\gim_bitset.h">
      <Filter>Header Files</Filter>
    </ClInclude>
    <ClInclude Include="bullet\BulletCollision\Gimpact\gim_box_collision.h">
      <Filter>Header Files</Filter>
    </ClInclude>
    <ClInclude Include="bullet\BulletCollision\Gimpact\gim_box_set.h">
      <Filter>Header Files</Filter>
    </ClInclude>
    <ClInclude Include="bullet\BulletCollision\Gimpact\gim_clip_polygon.h">
      <Filter>Header Files</Filter>
    </ClInclude>
    <ClInclude Include="bullet\BulletCollision\Gimpact\gim_contact.h">
      <Filter>Header Files</Filter>
    </ClInclude>
    <ClInclude Include="bullet\BulletCollision\Gimpact\gim_geom_types.h">
      <Filter>Header Files</Filter>
    </ClInclude>
    <ClInclude Include="bullet\BulletCollision\Gimpact\gim_geometry.h">
      <Filter>Header Files</Filter>
    </ClInclude>
    <ClInclude Include="bullet\BulletCollision\Gimpact\gim_hash_table.h">
      <Filter>Header Files</Filter>
    </ClInclude>
    <ClInclude Include="bullet\BulletCollision\Gimpact\gim_linear_math.h">
      <Filter>Header Files</Filter>
    </ClInclude>
    <ClInclude Include="bullet\BulletCollision\Gimpact\gim_math.h">
      <Filter>Header Files</Filter>
    </ClInclude>
    <ClInclude Include="bullet\BulletCollision\Gimpact\gim_memory.h">
      <Filter>Header Files</Filter>
    </ClInclude>
    <ClInclude Include="bullet\BulletCollision\Gimpact\gim_radixsort.h">
      <Filter>Header Files</Filter>
    </ClInclude>
    <ClInclude Include="bullet\BulletCollision\Gimpact\gim_tri_collision.h">
      <Filter>Header Files</Filter>
    </ClInclude>
    <ClInclude Include="bullet\BulletCollision\NarrowPhaseCollision\btComputeGjkEpaPenetration.h">
      <Filter>Header Files</Filter>
    </ClInclude>
    <ClInclude Include="bullet\BulletCollision\NarrowPhaseCollision\btContinuousConvexCollision.h">
      <Filter>Header Files</Filter>
    </ClInclude>
    <ClInclude Include="bullet\BulletCollision\NarrowPhaseCollision\btConvexCast.h">
      <Filter>Header Files</Filter>
    </ClInclude>
    <ClInclude Include="bullet\BulletCollision\NarrowPhaseCollision\btConvexPenetrationDepthSolver.h">
      <Filter>Header Files</Filter>
    </ClInclude>
    <ClInclude Include="bullet\BulletCollision\NarrowPhaseCollision\btDiscreteCollisionDetectorInterface.h">
      <Filter>Header Files</Filter>
    </ClInclude>
    <ClInclude Include="bullet\BulletCollision\NarrowPhaseCollision\btGjkCollisionDescription.h">
      <Filter>Header Files</Filter>
    </ClInclude>
    <ClInclude Include="bullet\BulletCollision\NarrowPhaseCollision\btGjkConvexCast.h">
      <Filter>Header Files</Filter>
    </ClInclude>
    <ClInclude Include="bullet\BulletCollision\NarrowPhaseCollision\btGjkEpa2.h">
      <Filter>Header Files</Filter>
    </ClInclude>
    <ClInclude Include="bullet\BulletCollision\NarrowPhaseCollision\btGjkEpa3.h">
      <Filter>Header Files</Filter>
    </ClInclude>
    <ClInclude Include="bullet\BulletCollision\NarrowPhaseCollision\btGjkEpaPenetrationDepthSolver.h">
      <Filter>Header Files</Filter>
    </ClInclude>
    <ClInclude Include="bullet\BulletCollision\NarrowPhaseCollision\btGjkPairDetector.h">
      <Filter>Header Files</Filter>
    </ClInclude>
    <ClInclude Include="bullet\BulletCollision\NarrowPhaseCollision\btManifoldPoint.h">
      <Filter>Header Files</Filter>
    </ClInclude>
    <ClInclude Include="bullet\BulletCollision\NarrowPhaseCollision\btMinkowskiPenetrationDepthSolver.h">
      <Filter>Header Files</Filter>
    </ClInclude>
    <ClInclude Include="bullet\BulletCollision\NarrowPhaseCollision\btMprPenetration.h">
      <Filter>Header Files</Filter>
    </ClInclude>
    <ClInclude Include="bullet\BulletCollision\NarrowPhaseCollision\btPersistentManifold.h">
      <Filter>Header Files</Filter>
    </ClInclude>
    <ClInclude Include="bullet\BulletCollision\NarrowPhaseCollision\btPointCollector.h">
      <Filter>Header Files</Filter>
    </ClInclude>
    <ClInclude Include="bullet\BulletCollision\NarrowPhaseCollision\btPolyhedralContactClipping.h">
      <Filter>Header Files</Filter>
    </ClInclude>
    <ClInclude Include="bullet\BulletCollision\NarrowPhaseCollision\btRaycastCallback.h">
      <Filter>Header Files</Filter>
    </ClInclude>
    <ClInclude Include="bullet\BulletCollision\NarrowPhaseCollision\btSimplexSolverInterface.h">
      <Filter>Header Files</Filter>
    </ClInclude>
    <ClInclude Include="bullet\BulletCollision\NarrowPhaseCollision\btSubSimplexConvexCast.h">
      <Filter>Header Files</Filter>
    </ClInclude>
    <ClInclude Include="bullet\BulletCollision\NarrowPhaseCollision\btVoronoiSimplexSolver.h">
      <Filter>Header Files</Filter>
    </ClInclude>
    <ClInclude Include="components\componentRigidbody.h">
      <Filter>Header Files</Filter>
    </ClInclude>
    <ClInclude Include="physics\physicsHelpers.h">
      <Filter>Header Files</Filter>
    </ClInclude>
  </ItemGroup>
  <ItemGroup>
    <Text Include="bullet\LinearMath\CMakeLists.txt" />
  </ItemGroup>
  <ItemGroup>
    <None Include="bullet\LinearMath\premake4.lua" />
  </ItemGroup>
</Project>