<?xml version="1.0" encoding="utf-8"?>
<Project ToolsVersion="4.0" xmlns="http://schemas.microsoft.com/developer/msbuild/2003">
  <ItemGroup>
    <Filter Include="Source Files">
      <UniqueIdentifier>{4FC737F1-C7A5-4376-A066-2A32D752A2FF}</UniqueIdentifier>
      <Extensions>cpp;c;cc;cxx;def;odl;idl;hpj;bat;asm;asmx</Extensions>
    </Filter>
    <Filter Include="Header Files">
      <UniqueIdentifier>{93995380-89BD-4b04-88EB-625FBE52EBFB}</UniqueIdentifier>
      <Extensions>h;hh;hpp;hxx;hm;inl;inc;xsd</Extensions>
    </Filter>
    <Filter Include="Resource Files">
      <UniqueIdentifier>{67DA6AB6-F800-4c08-8B7A-83BB121AAD01}</UniqueIdentifier>
      <Extensions>rc;ico;cur;bmp;dlg;rc2;rct;bin;rgs;gif;jpg;jpeg;jpe;resx;tiff;tif;png;wav;mfcribbon-ms</Extensions>
    </Filter>
  </ItemGroup>
  <ItemGroup>
    <ClCompile Include="main.cpp">
      <Filter>Source Files</Filter>
    </ClCompile>
    <ClCompile Include="helpers.cpp">
      <Filter>Source Files</Filter>
    </ClCompile>
    <ClCompile Include="soundEngine.cpp">
      <Filter>Source Files</Filter>
    </ClCompile>
    <ClCompile Include="geometryLoader.cpp">
      <Filter>Source Files</Filter>
    </ClCompile>
    <ClCompile Include="entityManager.cpp">
      <Filter>Source Files</Filter>
    </ClCompile>
    <ClCompile Include="entity.cpp">
      <Filter>Source Files</Filter>
    </ClCompile>
    <ClCompile Include="components\componentsManagers.cpp">
      <Filter>Source Files</Filter>
    </ClCompile>
    <ClCompile Include="components\componentStaticMesh.cpp">
      <Filter>Source Files</Filter>
    </ClCompile>
    <ClCompile Include="components\componentLight.cpp">
      <Filter>Source Files</Filter>
    </ClCompile>
    <ClCompile Include="components\componentPhysics.cpp">
      <Filter>Source Files</Filter>
    </ClCompile>
    <ClCompile Include="physics\convexUtilities.cpp">
      <Filter>Source Files</Filter>
    </ClCompile>
    <ClCompile Include="math\geometricUtilities.cpp">
      <Filter>Source Files</Filter>
    </ClCompile>
    <ClCompile Include="math\math.cpp">
      <Filter>Source Files</Filter>
    </ClCompile>
    <ClCompile Include="components\componentCamera.cpp">
      <Filter>Source Files</Filter>
    </ClCompile>
    <ClCompile Include="rendering\dynamicGeometryManager.cpp">
      <Filter>Source Files</Filter>
    </ClCompile>
    <ClCompile Include="rendering\render.cpp">
      <Filter>Source Files</Filter>
    </ClCompile>
    <ClCompile Include="rendering\renderConstant.cpp">
      <Filter>Source Files</Filter>
    </ClCompile>
    <ClCompile Include="rendering\shaderRes.cpp">
      <Filter>Source Files</Filter>
    </ClCompile>
    <ClCompile Include="rendering\textRenderManager.cpp">
      <Filter>Source Files</Filter>
    </ClCompile>
    <ClCompile Include="rendering\vertexFormats.cpp">
      <Filter>Source Files</Filter>
    </ClCompile>
    <ClCompile Include="rendering\environmentParticleManager.cpp">
      <Filter>Source Files</Filter>
    </ClCompile>
  </ItemGroup>
  <ItemGroup>
    <ClInclude Include="headers.h">
      <Filter>Header Files</Filter>
    </ClInclude>
    <ClInclude Include="soundEngine.h">
      <Filter>Header Files</Filter>
    </ClInclude>
    <ClInclude Include="timer.h">
      <Filter>Header Files</Filter>
    </ClInclude>
    <ClInclude Include="input.h">
      <Filter>Header Files</Filter>
    </ClInclude>
    <ClInclude Include="types.h">
      <Filter>Header Files</Filter>
    </ClInclude>
    <ClInclude Include="math.h">
      <Filter>Header Files</Filter>
    </ClInclude>
    <ClInclude Include="geometryLoader.h">
      <Filter>Header Files</Filter>
    </ClInclude>
    <ClInclude Include="viewObject.h">
      <Filter>Header Files</Filter>
    </ClInclude>
    <ClInclude Include="components\components.h">
      <Filter>Header Files</Filter>
    </ClInclude>
    <ClInclude Include="entity.h">
      <Filter>Header Files</Filter>
    </ClInclude>
    <ClInclude Include="entityManager.h">
      <Filter>Header Files</Filter>
    </ClInclude>
    <ClInclude Include="array.h">
      <Filter>Header Files</Filter>
    </ClInclude>
    <ClInclude Include="core.h">
      <Filter>Header Files</Filter>
    </ClInclude>
    <ClInclude Include="components\componentTransform.h">
      <Filter>Header Files</Filter>
    </ClInclude>
    <ClInclude Include="components\componentContainer.h">
      <Filter>Header Files</Filter>
    </ClInclude>
    <ClInclude Include="components\componentsManagers.h">
      <Filter>Header Files</Filter>
    </ClInclude>
    <ClInclude Include="components\componentStaticMesh.h">
      <Filter>Header Files</Filter>
    </ClInclude>
    <ClInclude Include="components\componentLight.h">
      <Filter>Header Files</Filter>
    </ClInclude>
    <ClInclude Include="components\componentPhysics.h">
      <Filter>Header Files</Filter>
    </ClInclude>
    <ClInclude Include="physics\physicsUtilities.h">
      <Filter>Header Files</Filter>
    </ClInclude>
    <ClInclude Include="math\vector.h">
      <Filter>Header Files</Filter>
    </ClInclude>
    <ClInclude Include="math\matrix.h">
      <Filter>Header Files</Filter>
    </ClInclude>
    <ClInclude Include="math\quaternion.h">
      <Filter>Header Files</Filter>
    </ClInclude>
    <ClInclude Include="math\geometricUtilities.h">
      <Filter>Header Files</Filter>
    </ClInclude>
    <ClInclude Include="components\componentCamera.h">
      <Filter>Header Files</Filter>
    </ClInclude>
    <ClInclude Include="rendering\descriptorHeap.h">
      <Filter>Header Files</Filter>
    </ClInclude>
    <ClInclude Include="rendering\dynamicGeometryManager.h">
      <Filter>Header Files</Filter>
    </ClInclude>
    <ClInclude Include="rendering\geometry.h">
      <Filter>Header Files</Filter>
    </ClInclude>
    <ClInclude Include="rendering\render.h">
      <Filter>Header Files</Filter>
    </ClInclude>
    <ClInclude Include="rendering\renderConstant.h">
      <Filter>Header Files</Filter>
    </ClInclude>
    <ClInclude Include="rendering\shaderRes.h">
      <Filter>Header Files</Filter>
    </ClInclude>
    <ClInclude Include="rendering\textRenderManager.h">
      <Filter>Header Files</Filter>
    </ClInclude>
    <ClInclude Include="rendering\vertexFormats.h">
      <Filter>Header Files</Filter>
    </ClInclude>
    <ClInclude Include="rendering\texture.h">
      <Filter>Header Files</Filter>
    </ClInclude>
    <ClInclude Include="rendering\environmentParticleManager.h">
      <Filter>Header Files</Filter>
    </ClInclude>
    <ClInclude Include="staticArray.h">
      <Filter>Header Files</Filter>
    </ClInclude>
    <ClInclude Include="rendering\renderData.h">
      <Filter>Header Files</Filter>
    </ClInclude>
    <ClInclude Include="rendering\constBuffers.h">
      <Filter>Header Files</Filter>
    </ClInclude>
  </ItemGroup>
</Project>